<?xml version="1.0" encoding="UTF-8" standalone="yes" ?>
<CodeBlocks_project_file>
	<FileVersion major="1" minor="6" />
	<Project>
		<Option title="gameEngine" />
		<Option pch_mode="2" />
		<Option compiler="gcc" />
		<Build>
			<Target title="Debug">
				<Option output="bin/Debug/gameEngine" prefix_auto="1" extension_auto="1" />
				<Option object_output="obj/Debug/" />
				<Option type="1" />
				<Option compiler="gcc" />
				<Compiler>
					<Add option="-g" />
					<Add directory="/home/alex/SFML-2.5.1/include" />
				</Compiler>
				<Linker>
					<Add library="sfml-graphics" />
					<Add library="sfml-window" />
					<Add library="sfml-system" />
					<Add directory="/home/alex/SFML-2.5.1/lib" />
				</Linker>
			</Target>
			<Target title="Release">
				<Option output="bin/Release/gameEngine" prefix_auto="1" extension_auto="1" />
				<Option object_output="obj/Release/" />
				<Option type="1" />
				<Option compiler="gcc" />
				<Compiler>
					<Add option="-O2" />
				</Compiler>
				<Linker>
					<Add option="-s" />
				</Linker>
			</Target>
		</Build>
		<Compiler>
			<Add option="-Wall" />
			<Add directory="/usr/include/SFML" />
		</Compiler>
		<Unit filename="ECS/Components/C_Collidable.h" />
		<Unit filename="ECS/Components/C_Controller.h" />
		<Unit filename="ECS/Components/C_Drawable.h" />
		<Unit filename="ECS/Components/C_Movable.h" />
		<Unit filename="ECS/Components/C_Position.h" />
		<Unit filename="ECS/Components/C_SoundEmitter.h" />
		<Unit filename="ECS/Components/C_SoundListener.h" />
		<Unit filename="ECS/Components/C_SpriteSheet.h" />
		<Unit filename="ECS/Components/C_State.h" />
		<Unit filename="ECS/Core/C_Base.h" />
		<Unit filename="ECS/Core/Entity_Manager.cpp" />
		<Unit filename="ECS/Core/Entity_Manager.h" />
		<Unit filename="ECS/Core/S_Base.cpp" />
		<Unit filename="ECS/Core/S_Base.h" />
		<Unit filename="ECS/Core/System_Manager.cpp" />
		<Unit filename="ECS/Core/System_Manager.h" />
		<Unit filename="ECS/ECS_Types.h" />
		<Unit filename="ECS/EntityEvents.h" />
		<Unit filename="ECS/EntityMessages.h" />
		<Unit filename="ECS/Systems/S_Collision.cpp" />
		<Unit filename="ECS/Systems/S_Collision.h" />
		<Unit filename="ECS/Systems/S_Control.cpp" />
		<Unit filename="ECS/Systems/S_Control.h" />
		<Unit filename="ECS/Systems/S_Movement.cpp" />
		<Unit filename="ECS/Systems/S_Movement.h" />
		<Unit filename="ECS/Systems/S_Renderer.cpp" />
		<Unit filename="ECS/Systems/S_Renderer.h" />
		<Unit filename="ECS/Systems/S_SheetAnimation.cpp" />
		<Unit filename="ECS/Systems/S_SheetAnimation.h" />
		<Unit filename="ECS/Systems/S_Sound.cpp" />
		<Unit filename="ECS/Systems/S_Sound.h" />
		<Unit filename="ECS/Systems/S_State.cpp" />
		<Unit filename="ECS/Systems/S_State.h" />
		<Unit filename="index.jpeg" />
		<Unit filename="main.cpp">
			<Option target="Debug" />
		</Unit>
		<Unit filename="opens.ttf" />
		<Extensions>
			<code_completion />
			<debugger />
		</Extensions>
	</Project>
</CodeBlocks_project_file>
